
Microsoft Visual Studio Solution File, Format Version 12.00
# Visual Studio 15
VisualStudioVersion = 15.0.26430.12
MinimumVisualStudioVersion = 10.0.40219.1
Project("{D954291E-2A0B-460D-934E-DC6B0785DB48}") = "BtreeDictionary", "BtreeDictionary\BtreeDictionary.shproj", "{9AAB8F38-1582-401D-A4FD-ADAE2C6CB496}"
EndProject
Project("{FAE04EC0-301F-11D3-BF4B-00C04F79EFBC}") = "Collections400", "Collections400\Collections400.csproj", "{04BC35F4-F0D8-47D0-AE7C-B2D62BE49FC6}"
EndProject
Project("{2150E333-8FDC-42A3-9474-1A3956D46DE8}") = "Bench", "Bench", "{F9AEB968-9A56-4192-BFF3-B4BEFEEE9FAE}"
EndProject
Project("{FAE04EC0-301F-11D3-BF4B-00C04F79EFBC}") = "BtreeBench01", "Bench\BtreeBench01\BtreeBench01.csproj", "{E59375A2-9D83-4F7F-BC82-54F57CC1B76D}"
EndProject
Project("{FAE04EC0-301F-11D3-BF4B-00C04F79EFBC}") = "BtreeBench02", "Bench\BtreeBench02\BtreeBench02.csproj", "{79B02E11-57E2-41CC-B240-C11E7C206979}"
EndProject
Project("{FAE04EC0-301F-11D3-BF4B-00C04F79EFBC}") = "BtreeBench04", "Bench\BtreeBench04\BtreeBench04.csproj", "{9EB632D0-20F7-4509-BF2F-0DF79D1A7071}"
EndProject
Project("{FAE04EC0-301F-11D3-BF4B-00C04F79EFBC}") = "BtreeStress01", "Bench\BtreeStress01\BtreeStress01.csproj", "{8D3A6449-A8BC-49B9-A8C3-9821CBDCDC8F}"
EndProject
Project("{9A19103F-16F7-4668-BE54-9A1E7A4F7556}") = "Collections", "Collections\Collections.csproj", "{D44B60E8-0C5A-42DD-87B7-1125E37F4749}"
EndProject
Project("{9A19103F-16F7-4668-BE54-9A1E7A4F7556}") = "TestCore", "TestCore\TestCore.csproj", "{461A1620-1382-47D3-8F13-8DA892138184}"
EndProject
Project("{9A19103F-16F7-4668-BE54-9A1E7A4F7556}") = "BtreeExample09", "Bench\BtreeExample09\BtreeExample09.csproj", "{37C4DD39-0CDC-40A9-9B39-FF7A5B540DBC}"
EndProject
Project("{FAE04EC0-301F-11D3-BF4B-00C04F79EFBC}") = "BtreeExample04", "Bench\BtreeExample04\BtreeExample04.csproj", "{3B3965D8-3657-46D0-8A94-CBC041BE0D40}"
EndProject
Project("{FAE04EC0-301F-11D3-BF4B-00C04F79EFBC}") = "BtreeExample03", "Bench\BtreeExample03\BtreeExample03.csproj", "{AA43DEB7-E073-490A-98C3-153692F7D1C9}"
EndProject
Project("{FAE04EC0-301F-11D3-BF4B-00C04F79EFBC}") = "BtreeExample02", "Bench\BtreeExample02\BtreeExample02.csproj", "{5716ECDB-3E20-4F65-B785-D4E09D0D2620}"
EndProject
Project("{FAE04EC0-301F-11D3-BF4B-00C04F79EFBC}") = "BtreeChart05A", "Bench\BtreeChart05A\BtreeChart05A.csproj", "{FDF4F650-79E4-4C8C-886D-89A51FD8AEEF}"
EndProject
Project("{FAE04EC0-301F-11D3-BF4B-00C04F79EFBC}") = "BtreeChart04A", "Bench\BtreeChart04A\BtreeChart04A.csproj", "{3FB7D490-9398-4D5B-997B-28544D5ABC08}"
EndProject
Project("{FAE04EC0-301F-11D3-BF4B-00C04F79EFBC}") = "BtreeChart06A", "Bench\BtreeChart06A\BtreeChart06A.csproj", "{234192EE-19EA-4C0A-9D7E-C1F3463CABAA}"
EndProject
Project("{FAE04EC0-301F-11D3-BF4B-00C04F79EFBC}") = "BtreeChart04B", "Bench\BtreeChart04B\BtreeChart04B.csproj", "{2D0298D6-7DE2-46AB-AD99-1FDAF72A8E03}"
EndProject
Project("{FAE04EC0-301F-11D3-BF4B-00C04F79EFBC}") = "BtreeChart05B", "Bench\BtreeChart05B\BtreeChart05B.csproj", "{21824520-2131-4BB7-9018-F241794F911B}"
EndProject
Global
	GlobalSection(SharedMSBuildProjectFiles) = preSolution
		BtreeDictionary\BtreeDictionary.projitems*{04bc35f4-f0d8-47d0-ae7c-b2d62be49fc6}*SharedItemsImports = 4
		BtreeDictionary\BtreeDictionary.projitems*{9aab8f38-1582-401d-a4fd-adae2c6cb496}*SharedItemsImports = 13
	EndGlobalSection
	GlobalSection(SolutionConfigurationPlatforms) = preSolution
		Debug|Any CPU = Debug|Any CPU
		Release|Any CPU = Release|Any CPU
	EndGlobalSection
	GlobalSection(ProjectConfigurationPlatforms) = postSolution
		{04BC35F4-F0D8-47D0-AE7C-B2D62BE49FC6}.Debug|Any CPU.ActiveCfg = Debug|Any CPU
		{04BC35F4-F0D8-47D0-AE7C-B2D62BE49FC6}.Debug|Any CPU.Build.0 = Debug|Any CPU
		{04BC35F4-F0D8-47D0-AE7C-B2D62BE49FC6}.Release|Any CPU.ActiveCfg = Release|Any CPU
		{04BC35F4-F0D8-47D0-AE7C-B2D62BE49FC6}.Release|Any CPU.Build.0 = Release|Any CPU
		{E59375A2-9D83-4F7F-BC82-54F57CC1B76D}.Debug|Any CPU.ActiveCfg = Debug|Any CPU
		{E59375A2-9D83-4F7F-BC82-54F57CC1B76D}.Debug|Any CPU.Build.0 = Debug|Any CPU
		{E59375A2-9D83-4F7F-BC82-54F57CC1B76D}.Release|Any CPU.ActiveCfg = Release|Any CPU
		{E59375A2-9D83-4F7F-BC82-54F57CC1B76D}.Release|Any CPU.Build.0 = Release|Any CPU
		{79B02E11-57E2-41CC-B240-C11E7C206979}.Debug|Any CPU.ActiveCfg = Debug|Any CPU
		{79B02E11-57E2-41CC-B240-C11E7C206979}.Debug|Any CPU.Build.0 = Debug|Any CPU
		{79B02E11-57E2-41CC-B240-C11E7C206979}.Release|Any CPU.ActiveCfg = Release|Any CPU
		{79B02E11-57E2-41CC-B240-C11E7C206979}.Release|Any CPU.Build.0 = Release|Any CPU
		{9EB632D0-20F7-4509-BF2F-0DF79D1A7071}.Debug|Any CPU.ActiveCfg = Debug|Any CPU
		{9EB632D0-20F7-4509-BF2F-0DF79D1A7071}.Debug|Any CPU.Build.0 = Debug|Any CPU
		{9EB632D0-20F7-4509-BF2F-0DF79D1A7071}.Release|Any CPU.ActiveCfg = Release|Any CPU
		{9EB632D0-20F7-4509-BF2F-0DF79D1A7071}.Release|Any CPU.Build.0 = Release|Any CPU
		{8D3A6449-A8BC-49B9-A8C3-9821CBDCDC8F}.Debug|Any CPU.ActiveCfg = Debug|Any CPU
		{8D3A6449-A8BC-49B9-A8C3-9821CBDCDC8F}.Debug|Any CPU.Build.0 = Debug|Any CPU
		{8D3A6449-A8BC-49B9-A8C3-9821CBDCDC8F}.Release|Any CPU.ActiveCfg = Release|Any CPU
		{8D3A6449-A8BC-49B9-A8C3-9821CBDCDC8F}.Release|Any CPU.Build.0 = Release|Any CPU
		{D44B60E8-0C5A-42DD-87B7-1125E37F4749}.Debug|Any CPU.ActiveCfg = Debug|Any CPU
		{D44B60E8-0C5A-42DD-87B7-1125E37F4749}.Debug|Any CPU.Build.0 = Debug|Any CPU
		{D44B60E8-0C5A-42DD-87B7-1125E37F4749}.Release|Any CPU.ActiveCfg = Release|Any CPU
		{D44B60E8-0C5A-42DD-87B7-1125E37F4749}.Release|Any CPU.Build.0 = Release|Any CPU
		{461A1620-1382-47D3-8F13-8DA892138184}.Debug|Any CPU.ActiveCfg = Debug|Any CPU
		{461A1620-1382-47D3-8F13-8DA892138184}.Debug|Any CPU.Build.0 = Debug|Any CPU
		{461A1620-1382-47D3-8F13-8DA892138184}.Release|Any CPU.ActiveCfg = Release|Any CPU
		{461A1620-1382-47D3-8F13-8DA892138184}.Release|Any CPU.Build.0 = Release|Any CPU
		{37C4DD39-0CDC-40A9-9B39-FF7A5B540DBC}.Debug|Any CPU.ActiveCfg = Debug|Any CPU
		{37C4DD39-0CDC-40A9-9B39-FF7A5B540DBC}.Debug|Any CPU.Build.0 = Debug|Any CPU
		{37C4DD39-0CDC-40A9-9B39-FF7A5B540DBC}.Release|Any CPU.ActiveCfg = Release|Any CPU
		{37C4DD39-0CDC-40A9-9B39-FF7A5B540DBC}.Release|Any CPU.Build.0 = Release|Any CPU
		{3B3965D8-3657-46D0-8A94-CBC041BE0D40}.Debug|Any CPU.ActiveCfg = Debug|Any CPU
		{3B3965D8-3657-46D0-8A94-CBC041BE0D40}.Debug|Any CPU.Build.0 = Debug|Any CPU
		{3B3965D8-3657-46D0-8A94-CBC041BE0D40}.Release|Any CPU.ActiveCfg = Release|Any CPU
		{3B3965D8-3657-46D0-8A94-CBC041BE0D40}.Release|Any CPU.Build.0 = Release|Any CPU
		{AA43DEB7-E073-490A-98C3-153692F7D1C9}.Debug|Any CPU.ActiveCfg = Debug|Any CPU
		{AA43DEB7-E073-490A-98C3-153692F7D1C9}.Debug|Any CPU.Build.0 = Debug|Any CPU
		{AA43DEB7-E073-490A-98C3-153692F7D1C9}.Release|Any CPU.ActiveCfg = Release|Any CPU
		{AA43DEB7-E073-490A-98C3-153692F7D1C9}.Release|Any CPU.Build.0 = Release|Any CPU
		{5716ECDB-3E20-4F65-B785-D4E09D0D2620}.Debug|Any CPU.ActiveCfg = Debug|Any CPU
		{5716ECDB-3E20-4F65-B785-D4E09D0D2620}.Debug|Any CPU.Build.0 = Debug|Any CPU
		{5716ECDB-3E20-4F65-B785-D4E09D0D2620}.Release|Any CPU.ActiveCfg = Release|Any CPU
		{5716ECDB-3E20-4F65-B785-D4E09D0D2620}.Release|Any CPU.Build.0 = Release|Any CPU
		{FDF4F650-79E4-4C8C-886D-89A51FD8AEEF}.Debug|Any CPU.ActiveCfg = Debug|Any CPU
		{FDF4F650-79E4-4C8C-886D-89A51FD8AEEF}.Debug|Any CPU.Build.0 = Debug|Any CPU
		{FDF4F650-79E4-4C8C-886D-89A51FD8AEEF}.Release|Any CPU.ActiveCfg = Release|Any CPU
		{FDF4F650-79E4-4C8C-886D-89A51FD8AEEF}.Release|Any CPU.Build.0 = Release|Any CPU
		{3FB7D490-9398-4D5B-997B-28544D5ABC08}.Debug|Any CPU.ActiveCfg = Debug|Any CPU
		{3FB7D490-9398-4D5B-997B-28544D5ABC08}.Debug|Any CPU.Build.0 = Debug|Any CPU
		{3FB7D490-9398-4D5B-997B-28544D5ABC08}.Release|Any CPU.ActiveCfg = Release|Any CPU
		{3FB7D490-9398-4D5B-997B-28544D5ABC08}.Release|Any CPU.Build.0 = Release|Any CPU
		{234192EE-19EA-4C0A-9D7E-C1F3463CABAA}.Debug|Any CPU.ActiveCfg = Debug|Any CPU
		{234192EE-19EA-4C0A-9D7E-C1F3463CABAA}.Debug|Any CPU.Build.0 = Debug|Any CPU
		{234192EE-19EA-4C0A-9D7E-C1F3463CABAA}.Release|Any CPU.ActiveCfg = Release|Any CPU
		{234192EE-19EA-4C0A-9D7E-C1F3463CABAA}.Release|Any CPU.Build.0 = Release|Any CPU
		{2D0298D6-7DE2-46AB-AD99-1FDAF72A8E03}.Debug|Any CPU.ActiveCfg = Debug|Any CPU
		{2D0298D6-7DE2-46AB-AD99-1FDAF72A8E03}.Debug|Any CPU.Build.0 = Debug|Any CPU
		{2D0298D6-7DE2-46AB-AD99-1FDAF72A8E03}.Release|Any CPU.ActiveCfg = Release|Any CPU
		{2D0298D6-7DE2-46AB-AD99-1FDAF72A8E03}.Release|Any CPU.Build.0 = Release|Any CPU
		{21824520-2131-4BB7-9018-F241794F911B}.Debug|Any CPU.ActiveCfg = Debug|Any CPU
		{21824520-2131-4BB7-9018-F241794F911B}.Debug|Any CPU.Build.0 = Debug|Any CPU
		{21824520-2131-4BB7-9018-F241794F911B}.Release|Any CPU.ActiveCfg = Release|Any CPU
		{21824520-2131-4BB7-9018-F241794F911B}.Release|Any CPU.Build.0 = Release|Any CPU
	EndGlobalSection
	GlobalSection(SolutionProperties) = preSolution
		HideSolutionNode = FALSE
	EndGlobalSection
	GlobalSection(NestedProjects) = preSolution
		{E59375A2-9D83-4F7F-BC82-54F57CC1B76D} = {F9AEB968-9A56-4192-BFF3-B4BEFEEE9FAE}
		{79B02E11-57E2-41CC-B240-C11E7C206979} = {F9AEB968-9A56-4192-BFF3-B4BEFEEE9FAE}
		{9EB632D0-20F7-4509-BF2F-0DF79D1A7071} = {F9AEB968-9A56-4192-BFF3-B4BEFEEE9FAE}
		{8D3A6449-A8BC-49B9-A8C3-9821CBDCDC8F} = {F9AEB968-9A56-4192-BFF3-B4BEFEEE9FAE}
		{37C4DD39-0CDC-40A9-9B39-FF7A5B540DBC} = {F9AEB968-9A56-4192-BFF3-B4BEFEEE9FAE}
		{3B3965D8-3657-46D0-8A94-CBC041BE0D40} = {F9AEB968-9A56-4192-BFF3-B4BEFEEE9FAE}
		{AA43DEB7-E073-490A-98C3-153692F7D1C9} = {F9AEB968-9A56-4192-BFF3-B4BEFEEE9FAE}
		{5716ECDB-3E20-4F65-B785-D4E09D0D2620} = {F9AEB968-9A56-4192-BFF3-B4BEFEEE9FAE}
		{FDF4F650-79E4-4C8C-886D-89A51FD8AEEF} = {F9AEB968-9A56-4192-BFF3-B4BEFEEE9FAE}
		{3FB7D490-9398-4D5B-997B-28544D5ABC08} = {F9AEB968-9A56-4192-BFF3-B4BEFEEE9FAE}
		{234192EE-19EA-4C0A-9D7E-C1F3463CABAA} = {F9AEB968-9A56-4192-BFF3-B4BEFEEE9FAE}
		{2D0298D6-7DE2-46AB-AD99-1FDAF72A8E03} = {F9AEB968-9A56-4192-BFF3-B4BEFEEE9FAE}
		{21824520-2131-4BB7-9018-F241794F911B} = {F9AEB968-9A56-4192-BFF3-B4BEFEEE9FAE}
	EndGlobalSection
EndGlobal
