
Microsoft Visual Studio Solution File, Format Version 12.00
# Visual Studio Version 16
VisualStudioVersion = 16.0.29215.179
MinimumVisualStudioVersion = 10.0.40219.1
Project("{2150E333-8FDC-42A3-9474-1A3956D46DE8}") = "Bench", "Bench", "{F9AEB968-9A56-4192-BFF3-B4BEFEEE9FAE}"
EndProject
Project("{9A19103F-16F7-4668-BE54-9A1E7A4F7556}") = "Collections", "Collections\Collections.csproj", "{D44B60E8-0C5A-42DD-87B7-1125E37F4749}"
EndProject
Project("{7CF6DF6D-3B04-46F8-A40B-537D21BCA0B4}") = "Help", "Help\Help.shfbproj", "{CCB7FB93-229A-494D-A044-9095A523C71F}"
EndProject
Project("{2150E333-8FDC-42A3-9474-1A3956D46DE8}") = "Source", "Source", "{FE32F6EA-9179-43FB-82C5-2D010EC41842}"
EndProject
Project("{9A19103F-16F7-4668-BE54-9A1E7A4F7556}") = "RsChart05B", "Bench\RsChart05B\RsChart05B.csproj", "{8AB42ED3-9510-4422-B756-9D7C7F80DF8A}"
EndProject
Project("{9A19103F-16F7-4668-BE54-9A1E7A4F7556}") = "RsExample03", "Bench\RsExample03\RsExample03.csproj", "{308EA0A7-405B-4FFA-ACB3-1EE2C2467C3C}"
EndProject
Project("{9A19103F-16F7-4668-BE54-9A1E7A4F7556}") = "RdBench01", "Bench\RdBench01\RdBench01.csproj", "{8D1A7AEF-73E7-4F1A-8656-E944A19DC94F}"
EndProject
Project("{9A19103F-16F7-4668-BE54-9A1E7A4F7556}") = "RdBench02", "Bench\RdBench02\RdBench02.csproj", "{06F60CFF-CF89-4C69-AA76-33B265000DB4}"
EndProject
Project("{9A19103F-16F7-4668-BE54-9A1E7A4F7556}") = "RdBench03", "Bench\RdBench03\RdBench03.csproj", "{F1CD6891-A2A0-4443-9960-27E2A24D87F1}"
EndProject
Project("{9A19103F-16F7-4668-BE54-9A1E7A4F7556}") = "RdBench04", "Bench\RdBench04\RdBench04.csproj", "{4565C87C-65AB-4E69-8285-FB36FA2F5558}"
EndProject
Project("{9A19103F-16F7-4668-BE54-9A1E7A4F7556}") = "RdExample02", "Bench\RdExample02\RdExample02.csproj", "{28FB4E26-9A24-40AD-B189-EFE9CCAB460D}"
EndProject
Project("{9A19103F-16F7-4668-BE54-9A1E7A4F7556}") = "RdExample03", "Bench\RdExample03\RdExample03.csproj", "{4912C223-77B8-428B-8B69-B69D7645B08C}"
EndProject
Project("{9A19103F-16F7-4668-BE54-9A1E7A4F7556}") = "RdExample04", "Bench\RdExample04\RdExample04.csproj", "{A24CC59D-13B5-4BEF-A994-AB63C9AD096D}"
EndProject
Project("{9A19103F-16F7-4668-BE54-9A1E7A4F7556}") = "RdStress01", "Bench\RdStress01\RdStress01.csproj", "{3E4793AA-0F66-422A-8C54-9D141B9D0FD3}"
EndProject
Project("{9A19103F-16F7-4668-BE54-9A1E7A4F7556}") = "RsExample04", "Bench\RsExample04\RsExample04.csproj", "{4FAE4A89-DEF1-4CF3-9976-D52FE303ED7D}"
EndProject
Project("{9A19103F-16F7-4668-BE54-9A1E7A4F7556}") = "RdBench05", "Bench\RdBench05\RdBench05.csproj", "{F87EF1A4-AAF7-4C59-A93B-1478FB557BB7}"
EndProject
Project("{9A19103F-16F7-4668-BE54-9A1E7A4F7556}") = "RsExample05", "Bench\RsExample05\RsExample05.csproj", "{7AF8F9B9-ECA1-4402-9C74-0AEEF370E072}"
EndProject
Project("{9A19103F-16F7-4668-BE54-9A1E7A4F7556}") = "RdExample05", "Bench\RdExample05\RdExample05.csproj", "{FA841874-91D9-4802-8242-15A9756FB776}"
EndProject
Project("{9A19103F-16F7-4668-BE54-9A1E7A4F7556}") = "RdBench06", "Bench\RdBench06\RdBench06.csproj", "{AB4754DB-55BB-4474-8DE7-2EA489A7F547}"
EndProject
Project("{9A19103F-16F7-4668-BE54-9A1E7A4F7556}") = "RsBench06", "Bench\RsBench06\RsBench06.csproj", "{542CA148-9046-4D3E-A0D3-F10E58951630}"
EndProject
Project("{9A19103F-16F7-4668-BE54-9A1E7A4F7556}") = "RdExample01", "Bench\RdExample01\RdExample01.csproj", "{A3061480-4B13-42BF-9A39-B3117C11E643}"
EndProject
Project("{9A19103F-16F7-4668-BE54-9A1E7A4F7556}") = "RsExample01", "Bench\RsExample01\RsExample01.csproj", "{D5DA9F3E-F99B-4F06-86FE-7D0FDAC44A06}"
EndProject
Project("{9A19103F-16F7-4668-BE54-9A1E7A4F7556}") = "RsChart06A", "Bench\RsChart06A\RsChart06A.csproj", "{3826066B-9C75-4101-B264-2CB5ECA7E258}"
EndProject
Project("{9A19103F-16F7-4668-BE54-9A1E7A4F7556}") = "RsChart05C", "Bench\RsChart05C\RsChart05C.csproj", "{AA31CD1F-2F05-45A6-A244-D0DA34342F77}"
EndProject
Project("{9A19103F-16F7-4668-BE54-9A1E7A4F7556}") = "RsChart05A", "Bench\RsChart05A\RsChart05A.csproj", "{F8FEB1F9-79FF-4CDB-86CA-9F355E58843B}"
EndProject
Project("{9A19103F-16F7-4668-BE54-9A1E7A4F7556}") = "RsChart04C", "Bench\RsChart04C\RsChart04C.csproj", "{EF8631DA-9B03-4240-9A02-AAA48005416E}"
EndProject
Project("{9A19103F-16F7-4668-BE54-9A1E7A4F7556}") = "RsChart04B", "Bench\RsChart04B\RsChart04B.csproj", "{385083CF-7AA6-4C60-8E22-BA1EC689C4ED}"
EndProject
Project("{9A19103F-16F7-4668-BE54-9A1E7A4F7556}") = "RsChart04A", "Bench\RsChart04A\RsChart04A.csproj", "{7A3A42FF-EC4D-49A7-A70E-8666CDABF379}"
EndProject
Project("{9A19103F-16F7-4668-BE54-9A1E7A4F7556}") = "RbExample02", "Bench\RbExample02\RbExample02.csproj", "{A170E1BC-F876-49B8-A946-2B5481A43B5D}"
EndProject
Project("{9A19103F-16F7-4668-BE54-9A1E7A4F7556}") = "RbExample03", "Bench\RbExample03\RbExample03.csproj", "{D1C95835-C179-4F85-AE82-5DA75D6DE319}"
EndProject
Project("{9A19103F-16F7-4668-BE54-9A1E7A4F7556}") = "RbExample05", "Bench\RbExample05\RbExample05.csproj", "{476A91D1-5CF5-4673-9D7D-1354FCE38A72}"
EndProject
Project("{9A19103F-16F7-4668-BE54-9A1E7A4F7556}") = "RbChart01", "Bench\RbChart01\RbChart01.csproj", "{0775B280-DDD4-4D2B-8383-E6E5E7167C55}"
EndProject
Project("{9A19103F-16F7-4668-BE54-9A1E7A4F7556}") = "RbExample01", "Bench\RbExample01\RbExample01.csproj", "{96762A0A-D54C-45FE-A20C-1521C35D0624}"
EndProject
Project("{9A19103F-16F7-4668-BE54-9A1E7A4F7556}") = "RbChart02", "Bench\RbChart02\RbChart02.csproj", "{2083724C-9A9B-4F95-8AA2-C43A1246FAAD}"
EndProject
Project("{9A19103F-16F7-4668-BE54-9A1E7A4F7556}") = "RsStress02", "Bench\RsStress02\RsStress02.csproj", "{9C399188-73F9-4A6D-ABAD-7241C2F1E197}"
EndProject
Project("{2150E333-8FDC-42A3-9474-1A3956D46DE8}") = "Images", "Images", "{81515E76-D81C-44F6-A6EC-7830CD05E949}"
	ProjectSection(SolutionItems) = preProject
		Images\KaosCollections-064.png = Images\KaosCollections-064.png
		Images\KaosCollections-218.png = Images\KaosCollections-218.png
		Images\KaosCollections-256.png = Images\KaosCollections-256.png
		Images\KaosCollections.svg = Images\KaosCollections.svg
	EndProjectSection
EndProject
Project("{9A19103F-16F7-4668-BE54-9A1E7A4F7556}") = "RsExample06", "Bench\RsExample06\RsExample06.csproj", "{95D44882-0087-4401-A631-A57ADCCBFDA5}"
EndProject
Project("{9A19103F-16F7-4668-BE54-9A1E7A4F7556}") = "RmExample01", "Bench\RmExample01\RmExample01.csproj", "{1833A35B-7F4D-4B8C-AEC5-0F6FB8946325}"
EndProject
Project("{9A19103F-16F7-4668-BE54-9A1E7A4F7556}") = "RmExample05", "Bench\RmExample05\RmExample05.csproj", "{A1C7A6DB-93F8-4C7D-BAAB-6D1965971B32}"
EndProject
Project("{FAE04EC0-301F-11D3-BF4B-00C04F79EFBC}") = "RsBench01", "Bench\RsBench01\RsBench01.csproj", "{40823D4F-4AB8-4BF7-A9A2-4CCE6F8CB46E}"
EndProject
Project("{9A19103F-16F7-4668-BE54-9A1E7A4F7556}") = "RmExample02", "Bench\RmExample02\RmExample02.csproj", "{333AFE6C-CF9B-45F0-B4C3-74AF2C0E65B2}"
EndProject
Project("{9A19103F-16F7-4668-BE54-9A1E7A4F7556}") = "RxBench01", "Bench\RxBench01\RxBench01.csproj", "{3B7F5072-B38D-438A-954A-E91C8A1C336F}"
EndProject
Project("{FAE04EC0-301F-11D3-BF4B-00C04F79EFBC}") = "RxBench02", "Bench\RxBench02\RxBench02.csproj", "{EDE8BEF7-8503-45D1-95C5-47B827F18130}"
EndProject
Project("{9A19103F-16F7-4668-BE54-9A1E7A4F7556}") = "RxExample01", "Bench\RxExample01\RxExample01.csproj", "{8FF5A924-F981-477B-AD0C-52ED16DC1FE6}"
EndProject
Project("{D954291E-2A0B-460D-934E-DC6B0785DB48}") = "KaosCollections", "Source\KaosCollections\KaosCollections.shproj", "{D548BAD1-2DEB-4E61-86CC-599EC896043B}"
EndProject
Project("{9A19103F-16F7-4668-BE54-9A1E7A4F7556}") = "TestCore", "TestCore\TestCore.csproj", "{24F93EB8-E22A-4D61-8F49-C4467812289D}"
EndProject
Project("{D954291E-2A0B-460D-934E-DC6B0785DB48}") = "KaosTestCollections", "Source\KaosTestCollections\KaosTestCollections.shproj", "{72E272A9-12E2-41A1-840C-60038ECD5D3E}"
EndProject
Global
	GlobalSection(SharedMSBuildProjectFiles) = preSolution
		Source\KaosCollections\KaosCollections.projitems*{06f60cff-cf89-4c69-aa76-33b265000db4}*SharedItemsImports = 5
		Source\KaosCollections\KaosCollections.projitems*{0775b280-ddd4-4d2b-8383-e6e5e7167c55}*SharedItemsImports = 5
		Source\KaosCollections\KaosCollections.projitems*{1833a35b-7f4d-4b8c-aec5-0f6fb8946325}*SharedItemsImports = 5
		Source\KaosCollections\KaosCollections.projitems*{2083724c-9a9b-4f95-8aa2-c43a1246faad}*SharedItemsImports = 5
		Source\KaosTestCollections\KaosTestCollections.projitems*{24f93eb8-e22a-4d61-8f49-c4467812289d}*SharedItemsImports = 5
		Source\KaosCollections\KaosCollections.projitems*{28fb4e26-9a24-40ad-b189-efe9ccab460d}*SharedItemsImports = 5
		Source\KaosCollections\KaosCollections.projitems*{308ea0a7-405b-4ffa-acb3-1ee2c2467c3c}*SharedItemsImports = 5
		Source\KaosCollections\KaosCollections.projitems*{333afe6c-cf9b-45f0-b4c3-74af2c0e65b2}*SharedItemsImports = 5
		Source\KaosCollections\KaosCollections.projitems*{3826066b-9c75-4101-b264-2cb5eca7e258}*SharedItemsImports = 5
		Source\KaosCollections\KaosCollections.projitems*{385083cf-7aa6-4c60-8e22-ba1ec689c4ed}*SharedItemsImports = 5
		Source\KaosCollections\KaosCollections.projitems*{3e4793aa-0f66-422a-8c54-9d141b9d0fd3}*SharedItemsImports = 5
		Source\KaosCollections\KaosCollections.projitems*{40823d4f-4ab8-4bf7-a9a2-4cce6f8cb46e}*SharedItemsImports = 5
		Source\KaosCollections\KaosCollections.projitems*{4565c87c-65ab-4e69-8285-fb36fa2f5558}*SharedItemsImports = 5
		Source\KaosCollections\KaosCollections.projitems*{476a91d1-5cf5-4673-9d7d-1354fce38a72}*SharedItemsImports = 5
		Source\KaosCollections\KaosCollections.projitems*{4912c223-77b8-428b-8b69-b69d7645b08c}*SharedItemsImports = 5
		Source\KaosCollections\KaosCollections.projitems*{4fae4a89-def1-4cf3-9976-d52fe303ed7d}*SharedItemsImports = 5
		Source\KaosCollections\KaosCollections.projitems*{542ca148-9046-4d3e-a0d3-f10e58951630}*SharedItemsImports = 5
		Source\KaosTestCollections\KaosTestCollections.projitems*{72e272a9-12e2-41a1-840c-60038ecd5d3e}*SharedItemsImports = 13
		Source\KaosCollections\KaosCollections.projitems*{7a3a42ff-ec4d-49a7-a70e-8666cdabf379}*SharedItemsImports = 5
		Source\KaosCollections\KaosCollections.projitems*{7af8f9b9-eca1-4402-9c74-0aeef370e072}*SharedItemsImports = 5
		Source\KaosCollections\KaosCollections.projitems*{8ab42ed3-9510-4422-b756-9d7c7f80df8a}*SharedItemsImports = 5
		Source\KaosCollections\KaosCollections.projitems*{8d1a7aef-73e7-4f1a-8656-e944a19dc94f}*SharedItemsImports = 5
		Source\KaosCollections\KaosCollections.projitems*{8ff5a924-f981-477b-ad0c-52ed16dc1fe6}*SharedItemsImports = 5
		Source\KaosCollections\KaosCollections.projitems*{95d44882-0087-4401-a631-a57adccbfda5}*SharedItemsImports = 5
		Source\KaosCollections\KaosCollections.projitems*{96762a0a-d54c-45fe-a20c-1521c35d0624}*SharedItemsImports = 5
		Source\KaosCollections\KaosCollections.projitems*{9c399188-73f9-4a6d-abad-7241c2f1e197}*SharedItemsImports = 5
		Source\KaosCollections\KaosCollections.projitems*{a170e1bc-f876-49b8-a946-2b5481a43b5d}*SharedItemsImports = 5
		Source\KaosCollections\KaosCollections.projitems*{a1c7a6db-93f8-4c7d-baab-6d1965971b32}*SharedItemsImports = 5
		Source\KaosCollections\KaosCollections.projitems*{a24cc59d-13b5-4bef-a994-ab63c9ad096d}*SharedItemsImports = 5
		Source\KaosCollections\KaosCollections.projitems*{a3061480-4b13-42bf-9a39-b3117c11e643}*SharedItemsImports = 5
		Source\KaosCollections\KaosCollections.projitems*{aa31cd1f-2f05-45a6-a244-d0da34342f77}*SharedItemsImports = 5
		Source\KaosCollections\KaosCollections.projitems*{ab4754db-55bb-4474-8de7-2ea489a7f547}*SharedItemsImports = 5
		Source\KaosCollections\KaosCollections.projitems*{d1c95835-c179-4f85-ae82-5da75d6de319}*SharedItemsImports = 5
		Source\KaosCollections\KaosCollections.projitems*{d44b60e8-0c5a-42dd-87b7-1125e37f4749}*SharedItemsImports = 5
		Source\KaosCollections\KaosCollections.projitems*{d548bad1-2deb-4e61-86cc-599ec896043b}*SharedItemsImports = 13
		Source\KaosCollections\KaosCollections.projitems*{d5da9f3e-f99b-4f06-86fe-7d0fdac44a06}*SharedItemsImports = 5
		Source\KaosCollections\KaosCollections.projitems*{ede8bef7-8503-45d1-95c5-47b827f18130}*SharedItemsImports = 4
		Source\KaosCollections\KaosCollections.projitems*{ef8631da-9b03-4240-9a02-aaa48005416e}*SharedItemsImports = 5
		Source\KaosCollections\KaosCollections.projitems*{f1cd6891-a2a0-4443-9960-27e2a24d87f1}*SharedItemsImports = 5
		Source\KaosCollections\KaosCollections.projitems*{f87ef1a4-aaf7-4c59-a93b-1478fb557bb7}*SharedItemsImports = 5
		Source\KaosCollections\KaosCollections.projitems*{f8feb1f9-79ff-4cdb-86ca-9f355e58843b}*SharedItemsImports = 5
		Source\KaosCollections\KaosCollections.projitems*{fa841874-91d9-4802-8242-15a9756fb776}*SharedItemsImports = 5
	EndGlobalSection
	GlobalSection(SolutionConfigurationPlatforms) = preSolution
		Debug|Any CPU = Debug|Any CPU
		Release|Any CPU = Release|Any CPU
	EndGlobalSection
	GlobalSection(ProjectConfigurationPlatforms) = postSolution
		{D44B60E8-0C5A-42DD-87B7-1125E37F4749}.Debug|Any CPU.ActiveCfg = Debug|Any CPU
		{D44B60E8-0C5A-42DD-87B7-1125E37F4749}.Debug|Any CPU.Build.0 = Debug|Any CPU
		{D44B60E8-0C5A-42DD-87B7-1125E37F4749}.Release|Any CPU.ActiveCfg = Release|Any CPU
		{D44B60E8-0C5A-42DD-87B7-1125E37F4749}.Release|Any CPU.Build.0 = Release|Any CPU
		{CCB7FB93-229A-494D-A044-9095A523C71F}.Debug|Any CPU.ActiveCfg = Debug|Any CPU
		{CCB7FB93-229A-494D-A044-9095A523C71F}.Release|Any CPU.ActiveCfg = Release|Any CPU
		{8AB42ED3-9510-4422-B756-9D7C7F80DF8A}.Debug|Any CPU.ActiveCfg = Debug|Any CPU
		{8AB42ED3-9510-4422-B756-9D7C7F80DF8A}.Debug|Any CPU.Build.0 = Debug|Any CPU
		{8AB42ED3-9510-4422-B756-9D7C7F80DF8A}.Release|Any CPU.ActiveCfg = Release|Any CPU
		{8AB42ED3-9510-4422-B756-9D7C7F80DF8A}.Release|Any CPU.Build.0 = Release|Any CPU
		{308EA0A7-405B-4FFA-ACB3-1EE2C2467C3C}.Debug|Any CPU.ActiveCfg = Debug|Any CPU
		{308EA0A7-405B-4FFA-ACB3-1EE2C2467C3C}.Debug|Any CPU.Build.0 = Debug|Any CPU
		{308EA0A7-405B-4FFA-ACB3-1EE2C2467C3C}.Release|Any CPU.ActiveCfg = Release|Any CPU
		{308EA0A7-405B-4FFA-ACB3-1EE2C2467C3C}.Release|Any CPU.Build.0 = Release|Any CPU
		{8D1A7AEF-73E7-4F1A-8656-E944A19DC94F}.Debug|Any CPU.ActiveCfg = Debug|Any CPU
		{8D1A7AEF-73E7-4F1A-8656-E944A19DC94F}.Debug|Any CPU.Build.0 = Debug|Any CPU
		{8D1A7AEF-73E7-4F1A-8656-E944A19DC94F}.Release|Any CPU.ActiveCfg = Release|Any CPU
		{8D1A7AEF-73E7-4F1A-8656-E944A19DC94F}.Release|Any CPU.Build.0 = Release|Any CPU
		{06F60CFF-CF89-4C69-AA76-33B265000DB4}.Debug|Any CPU.ActiveCfg = Debug|Any CPU
		{06F60CFF-CF89-4C69-AA76-33B265000DB4}.Debug|Any CPU.Build.0 = Debug|Any CPU
		{06F60CFF-CF89-4C69-AA76-33B265000DB4}.Release|Any CPU.ActiveCfg = Release|Any CPU
		{06F60CFF-CF89-4C69-AA76-33B265000DB4}.Release|Any CPU.Build.0 = Release|Any CPU
		{F1CD6891-A2A0-4443-9960-27E2A24D87F1}.Debug|Any CPU.ActiveCfg = Debug|Any CPU
		{F1CD6891-A2A0-4443-9960-27E2A24D87F1}.Debug|Any CPU.Build.0 = Debug|Any CPU
		{F1CD6891-A2A0-4443-9960-27E2A24D87F1}.Release|Any CPU.ActiveCfg = Release|Any CPU
		{F1CD6891-A2A0-4443-9960-27E2A24D87F1}.Release|Any CPU.Build.0 = Release|Any CPU
		{4565C87C-65AB-4E69-8285-FB36FA2F5558}.Debug|Any CPU.ActiveCfg = Debug|Any CPU
		{4565C87C-65AB-4E69-8285-FB36FA2F5558}.Debug|Any CPU.Build.0 = Debug|Any CPU
		{4565C87C-65AB-4E69-8285-FB36FA2F5558}.Release|Any CPU.ActiveCfg = Release|Any CPU
		{4565C87C-65AB-4E69-8285-FB36FA2F5558}.Release|Any CPU.Build.0 = Release|Any CPU
		{28FB4E26-9A24-40AD-B189-EFE9CCAB460D}.Debug|Any CPU.ActiveCfg = Debug|Any CPU
		{28FB4E26-9A24-40AD-B189-EFE9CCAB460D}.Debug|Any CPU.Build.0 = Debug|Any CPU
		{28FB4E26-9A24-40AD-B189-EFE9CCAB460D}.Release|Any CPU.ActiveCfg = Release|Any CPU
		{28FB4E26-9A24-40AD-B189-EFE9CCAB460D}.Release|Any CPU.Build.0 = Release|Any CPU
		{4912C223-77B8-428B-8B69-B69D7645B08C}.Debug|Any CPU.ActiveCfg = Debug|Any CPU
		{4912C223-77B8-428B-8B69-B69D7645B08C}.Debug|Any CPU.Build.0 = Debug|Any CPU
		{4912C223-77B8-428B-8B69-B69D7645B08C}.Release|Any CPU.ActiveCfg = Release|Any CPU
		{4912C223-77B8-428B-8B69-B69D7645B08C}.Release|Any CPU.Build.0 = Release|Any CPU
		{A24CC59D-13B5-4BEF-A994-AB63C9AD096D}.Debug|Any CPU.ActiveCfg = Debug|Any CPU
		{A24CC59D-13B5-4BEF-A994-AB63C9AD096D}.Debug|Any CPU.Build.0 = Debug|Any CPU
		{A24CC59D-13B5-4BEF-A994-AB63C9AD096D}.Release|Any CPU.ActiveCfg = Release|Any CPU
		{A24CC59D-13B5-4BEF-A994-AB63C9AD096D}.Release|Any CPU.Build.0 = Release|Any CPU
		{3E4793AA-0F66-422A-8C54-9D141B9D0FD3}.Debug|Any CPU.ActiveCfg = Debug|Any CPU
		{3E4793AA-0F66-422A-8C54-9D141B9D0FD3}.Debug|Any CPU.Build.0 = Debug|Any CPU
		{3E4793AA-0F66-422A-8C54-9D141B9D0FD3}.Release|Any CPU.ActiveCfg = Release|Any CPU
		{3E4793AA-0F66-422A-8C54-9D141B9D0FD3}.Release|Any CPU.Build.0 = Release|Any CPU
		{4FAE4A89-DEF1-4CF3-9976-D52FE303ED7D}.Debug|Any CPU.ActiveCfg = Debug|Any CPU
		{4FAE4A89-DEF1-4CF3-9976-D52FE303ED7D}.Debug|Any CPU.Build.0 = Debug|Any CPU
		{4FAE4A89-DEF1-4CF3-9976-D52FE303ED7D}.Release|Any CPU.ActiveCfg = Release|Any CPU
		{4FAE4A89-DEF1-4CF3-9976-D52FE303ED7D}.Release|Any CPU.Build.0 = Release|Any CPU
		{F87EF1A4-AAF7-4C59-A93B-1478FB557BB7}.Debug|Any CPU.ActiveCfg = Debug|Any CPU
		{F87EF1A4-AAF7-4C59-A93B-1478FB557BB7}.Debug|Any CPU.Build.0 = Debug|Any CPU
		{F87EF1A4-AAF7-4C59-A93B-1478FB557BB7}.Release|Any CPU.ActiveCfg = Release|Any CPU
		{F87EF1A4-AAF7-4C59-A93B-1478FB557BB7}.Release|Any CPU.Build.0 = Release|Any CPU
		{7AF8F9B9-ECA1-4402-9C74-0AEEF370E072}.Debug|Any CPU.ActiveCfg = Debug|Any CPU
		{7AF8F9B9-ECA1-4402-9C74-0AEEF370E072}.Debug|Any CPU.Build.0 = Debug|Any CPU
		{7AF8F9B9-ECA1-4402-9C74-0AEEF370E072}.Release|Any CPU.ActiveCfg = Release|Any CPU
		{7AF8F9B9-ECA1-4402-9C74-0AEEF370E072}.Release|Any CPU.Build.0 = Release|Any CPU
		{FA841874-91D9-4802-8242-15A9756FB776}.Debug|Any CPU.ActiveCfg = Debug|Any CPU
		{FA841874-91D9-4802-8242-15A9756FB776}.Debug|Any CPU.Build.0 = Debug|Any CPU
		{FA841874-91D9-4802-8242-15A9756FB776}.Release|Any CPU.ActiveCfg = Release|Any CPU
		{FA841874-91D9-4802-8242-15A9756FB776}.Release|Any CPU.Build.0 = Release|Any CPU
		{AB4754DB-55BB-4474-8DE7-2EA489A7F547}.Debug|Any CPU.ActiveCfg = Debug|Any CPU
		{AB4754DB-55BB-4474-8DE7-2EA489A7F547}.Debug|Any CPU.Build.0 = Debug|Any CPU
		{AB4754DB-55BB-4474-8DE7-2EA489A7F547}.Release|Any CPU.ActiveCfg = Release|Any CPU
		{AB4754DB-55BB-4474-8DE7-2EA489A7F547}.Release|Any CPU.Build.0 = Release|Any CPU
		{542CA148-9046-4D3E-A0D3-F10E58951630}.Debug|Any CPU.ActiveCfg = Debug|Any CPU
		{542CA148-9046-4D3E-A0D3-F10E58951630}.Debug|Any CPU.Build.0 = Debug|Any CPU
		{542CA148-9046-4D3E-A0D3-F10E58951630}.Release|Any CPU.ActiveCfg = Release|Any CPU
		{542CA148-9046-4D3E-A0D3-F10E58951630}.Release|Any CPU.Build.0 = Release|Any CPU
		{A3061480-4B13-42BF-9A39-B3117C11E643}.Debug|Any CPU.ActiveCfg = Debug|Any CPU
		{A3061480-4B13-42BF-9A39-B3117C11E643}.Debug|Any CPU.Build.0 = Debug|Any CPU
		{A3061480-4B13-42BF-9A39-B3117C11E643}.Release|Any CPU.ActiveCfg = Release|Any CPU
		{A3061480-4B13-42BF-9A39-B3117C11E643}.Release|Any CPU.Build.0 = Release|Any CPU
		{D5DA9F3E-F99B-4F06-86FE-7D0FDAC44A06}.Debug|Any CPU.ActiveCfg = Debug|Any CPU
		{D5DA9F3E-F99B-4F06-86FE-7D0FDAC44A06}.Debug|Any CPU.Build.0 = Debug|Any CPU
		{D5DA9F3E-F99B-4F06-86FE-7D0FDAC44A06}.Release|Any CPU.ActiveCfg = Release|Any CPU
		{D5DA9F3E-F99B-4F06-86FE-7D0FDAC44A06}.Release|Any CPU.Build.0 = Release|Any CPU
		{3826066B-9C75-4101-B264-2CB5ECA7E258}.Debug|Any CPU.ActiveCfg = Debug|Any CPU
		{3826066B-9C75-4101-B264-2CB5ECA7E258}.Debug|Any CPU.Build.0 = Debug|Any CPU
		{3826066B-9C75-4101-B264-2CB5ECA7E258}.Release|Any CPU.ActiveCfg = Release|Any CPU
		{3826066B-9C75-4101-B264-2CB5ECA7E258}.Release|Any CPU.Build.0 = Release|Any CPU
		{AA31CD1F-2F05-45A6-A244-D0DA34342F77}.Debug|Any CPU.ActiveCfg = Debug|Any CPU
		{AA31CD1F-2F05-45A6-A244-D0DA34342F77}.Debug|Any CPU.Build.0 = Debug|Any CPU
		{AA31CD1F-2F05-45A6-A244-D0DA34342F77}.Release|Any CPU.ActiveCfg = Release|Any CPU
		{AA31CD1F-2F05-45A6-A244-D0DA34342F77}.Release|Any CPU.Build.0 = Release|Any CPU
		{F8FEB1F9-79FF-4CDB-86CA-9F355E58843B}.Debug|Any CPU.ActiveCfg = Debug|Any CPU
		{F8FEB1F9-79FF-4CDB-86CA-9F355E58843B}.Debug|Any CPU.Build.0 = Debug|Any CPU
		{F8FEB1F9-79FF-4CDB-86CA-9F355E58843B}.Release|Any CPU.ActiveCfg = Release|Any CPU
		{F8FEB1F9-79FF-4CDB-86CA-9F355E58843B}.Release|Any CPU.Build.0 = Release|Any CPU
		{EF8631DA-9B03-4240-9A02-AAA48005416E}.Debug|Any CPU.ActiveCfg = Debug|Any CPU
		{EF8631DA-9B03-4240-9A02-AAA48005416E}.Debug|Any CPU.Build.0 = Debug|Any CPU
		{EF8631DA-9B03-4240-9A02-AAA48005416E}.Release|Any CPU.ActiveCfg = Release|Any CPU
		{EF8631DA-9B03-4240-9A02-AAA48005416E}.Release|Any CPU.Build.0 = Release|Any CPU
		{385083CF-7AA6-4C60-8E22-BA1EC689C4ED}.Debug|Any CPU.ActiveCfg = Debug|Any CPU
		{385083CF-7AA6-4C60-8E22-BA1EC689C4ED}.Debug|Any CPU.Build.0 = Debug|Any CPU
		{385083CF-7AA6-4C60-8E22-BA1EC689C4ED}.Release|Any CPU.ActiveCfg = Release|Any CPU
		{385083CF-7AA6-4C60-8E22-BA1EC689C4ED}.Release|Any CPU.Build.0 = Release|Any CPU
		{7A3A42FF-EC4D-49A7-A70E-8666CDABF379}.Debug|Any CPU.ActiveCfg = Debug|Any CPU
		{7A3A42FF-EC4D-49A7-A70E-8666CDABF379}.Debug|Any CPU.Build.0 = Debug|Any CPU
		{7A3A42FF-EC4D-49A7-A70E-8666CDABF379}.Release|Any CPU.ActiveCfg = Release|Any CPU
		{7A3A42FF-EC4D-49A7-A70E-8666CDABF379}.Release|Any CPU.Build.0 = Release|Any CPU
		{A170E1BC-F876-49B8-A946-2B5481A43B5D}.Debug|Any CPU.ActiveCfg = Debug|Any CPU
		{A170E1BC-F876-49B8-A946-2B5481A43B5D}.Debug|Any CPU.Build.0 = Debug|Any CPU
		{A170E1BC-F876-49B8-A946-2B5481A43B5D}.Release|Any CPU.ActiveCfg = Release|Any CPU
		{A170E1BC-F876-49B8-A946-2B5481A43B5D}.Release|Any CPU.Build.0 = Release|Any CPU
		{D1C95835-C179-4F85-AE82-5DA75D6DE319}.Debug|Any CPU.ActiveCfg = Debug|Any CPU
		{D1C95835-C179-4F85-AE82-5DA75D6DE319}.Debug|Any CPU.Build.0 = Debug|Any CPU
		{D1C95835-C179-4F85-AE82-5DA75D6DE319}.Release|Any CPU.ActiveCfg = Release|Any CPU
		{D1C95835-C179-4F85-AE82-5DA75D6DE319}.Release|Any CPU.Build.0 = Release|Any CPU
		{476A91D1-5CF5-4673-9D7D-1354FCE38A72}.Debug|Any CPU.ActiveCfg = Debug|Any CPU
		{476A91D1-5CF5-4673-9D7D-1354FCE38A72}.Debug|Any CPU.Build.0 = Debug|Any CPU
		{476A91D1-5CF5-4673-9D7D-1354FCE38A72}.Release|Any CPU.ActiveCfg = Release|Any CPU
		{476A91D1-5CF5-4673-9D7D-1354FCE38A72}.Release|Any CPU.Build.0 = Release|Any CPU
		{0775B280-DDD4-4D2B-8383-E6E5E7167C55}.Debug|Any CPU.ActiveCfg = Debug|Any CPU
		{0775B280-DDD4-4D2B-8383-E6E5E7167C55}.Debug|Any CPU.Build.0 = Debug|Any CPU
		{0775B280-DDD4-4D2B-8383-E6E5E7167C55}.Release|Any CPU.ActiveCfg = Release|Any CPU
		{0775B280-DDD4-4D2B-8383-E6E5E7167C55}.Release|Any CPU.Build.0 = Release|Any CPU
		{96762A0A-D54C-45FE-A20C-1521C35D0624}.Debug|Any CPU.ActiveCfg = Debug|Any CPU
		{96762A0A-D54C-45FE-A20C-1521C35D0624}.Debug|Any CPU.Build.0 = Debug|Any CPU
		{96762A0A-D54C-45FE-A20C-1521C35D0624}.Release|Any CPU.ActiveCfg = Release|Any CPU
		{96762A0A-D54C-45FE-A20C-1521C35D0624}.Release|Any CPU.Build.0 = Release|Any CPU
		{2083724C-9A9B-4F95-8AA2-C43A1246FAAD}.Debug|Any CPU.ActiveCfg = Debug|Any CPU
		{2083724C-9A9B-4F95-8AA2-C43A1246FAAD}.Debug|Any CPU.Build.0 = Debug|Any CPU
		{2083724C-9A9B-4F95-8AA2-C43A1246FAAD}.Release|Any CPU.ActiveCfg = Release|Any CPU
		{2083724C-9A9B-4F95-8AA2-C43A1246FAAD}.Release|Any CPU.Build.0 = Release|Any CPU
		{9C399188-73F9-4A6D-ABAD-7241C2F1E197}.Debug|Any CPU.ActiveCfg = Debug|Any CPU
		{9C399188-73F9-4A6D-ABAD-7241C2F1E197}.Debug|Any CPU.Build.0 = Debug|Any CPU
		{9C399188-73F9-4A6D-ABAD-7241C2F1E197}.Release|Any CPU.ActiveCfg = Release|Any CPU
		{9C399188-73F9-4A6D-ABAD-7241C2F1E197}.Release|Any CPU.Build.0 = Release|Any CPU
		{95D44882-0087-4401-A631-A57ADCCBFDA5}.Debug|Any CPU.ActiveCfg = Debug|Any CPU
		{95D44882-0087-4401-A631-A57ADCCBFDA5}.Debug|Any CPU.Build.0 = Debug|Any CPU
		{95D44882-0087-4401-A631-A57ADCCBFDA5}.Release|Any CPU.ActiveCfg = Release|Any CPU
		{95D44882-0087-4401-A631-A57ADCCBFDA5}.Release|Any CPU.Build.0 = Release|Any CPU
		{1833A35B-7F4D-4B8C-AEC5-0F6FB8946325}.Debug|Any CPU.ActiveCfg = Debug|Any CPU
		{1833A35B-7F4D-4B8C-AEC5-0F6FB8946325}.Debug|Any CPU.Build.0 = Debug|Any CPU
		{1833A35B-7F4D-4B8C-AEC5-0F6FB8946325}.Release|Any CPU.ActiveCfg = Release|Any CPU
		{1833A35B-7F4D-4B8C-AEC5-0F6FB8946325}.Release|Any CPU.Build.0 = Release|Any CPU
		{A1C7A6DB-93F8-4C7D-BAAB-6D1965971B32}.Debug|Any CPU.ActiveCfg = Debug|Any CPU
		{A1C7A6DB-93F8-4C7D-BAAB-6D1965971B32}.Debug|Any CPU.Build.0 = Debug|Any CPU
		{A1C7A6DB-93F8-4C7D-BAAB-6D1965971B32}.Release|Any CPU.ActiveCfg = Release|Any CPU
		{A1C7A6DB-93F8-4C7D-BAAB-6D1965971B32}.Release|Any CPU.Build.0 = Release|Any CPU
		{40823D4F-4AB8-4BF7-A9A2-4CCE6F8CB46E}.Debug|Any CPU.ActiveCfg = Debug|Any CPU
		{40823D4F-4AB8-4BF7-A9A2-4CCE6F8CB46E}.Debug|Any CPU.Build.0 = Debug|Any CPU
		{40823D4F-4AB8-4BF7-A9A2-4CCE6F8CB46E}.Release|Any CPU.ActiveCfg = Release|Any CPU
		{40823D4F-4AB8-4BF7-A9A2-4CCE6F8CB46E}.Release|Any CPU.Build.0 = Release|Any CPU
		{333AFE6C-CF9B-45F0-B4C3-74AF2C0E65B2}.Debug|Any CPU.ActiveCfg = Debug|Any CPU
		{333AFE6C-CF9B-45F0-B4C3-74AF2C0E65B2}.Debug|Any CPU.Build.0 = Debug|Any CPU
		{333AFE6C-CF9B-45F0-B4C3-74AF2C0E65B2}.Release|Any CPU.ActiveCfg = Release|Any CPU
		{333AFE6C-CF9B-45F0-B4C3-74AF2C0E65B2}.Release|Any CPU.Build.0 = Release|Any CPU
		{3B7F5072-B38D-438A-954A-E91C8A1C336F}.Debug|Any CPU.ActiveCfg = Debug|Any CPU
		{3B7F5072-B38D-438A-954A-E91C8A1C336F}.Debug|Any CPU.Build.0 = Debug|Any CPU
		{3B7F5072-B38D-438A-954A-E91C8A1C336F}.Release|Any CPU.ActiveCfg = Release|Any CPU
		{3B7F5072-B38D-438A-954A-E91C8A1C336F}.Release|Any CPU.Build.0 = Release|Any CPU
		{EDE8BEF7-8503-45D1-95C5-47B827F18130}.Debug|Any CPU.ActiveCfg = Debug|Any CPU
		{EDE8BEF7-8503-45D1-95C5-47B827F18130}.Debug|Any CPU.Build.0 = Debug|Any CPU
		{EDE8BEF7-8503-45D1-95C5-47B827F18130}.Release|Any CPU.ActiveCfg = Release|Any CPU
		{EDE8BEF7-8503-45D1-95C5-47B827F18130}.Release|Any CPU.Build.0 = Release|Any CPU
		{8FF5A924-F981-477B-AD0C-52ED16DC1FE6}.Debug|Any CPU.ActiveCfg = Debug|Any CPU
		{8FF5A924-F981-477B-AD0C-52ED16DC1FE6}.Debug|Any CPU.Build.0 = Debug|Any CPU
		{8FF5A924-F981-477B-AD0C-52ED16DC1FE6}.Release|Any CPU.ActiveCfg = Release|Any CPU
		{8FF5A924-F981-477B-AD0C-52ED16DC1FE6}.Release|Any CPU.Build.0 = Release|Any CPU
		{24F93EB8-E22A-4D61-8F49-C4467812289D}.Debug|Any CPU.ActiveCfg = Debug|Any CPU
		{24F93EB8-E22A-4D61-8F49-C4467812289D}.Debug|Any CPU.Build.0 = Debug|Any CPU
		{24F93EB8-E22A-4D61-8F49-C4467812289D}.Release|Any CPU.ActiveCfg = Release|Any CPU
		{24F93EB8-E22A-4D61-8F49-C4467812289D}.Release|Any CPU.Build.0 = Release|Any CPU
	EndGlobalSection
	GlobalSection(SolutionProperties) = preSolution
		HideSolutionNode = FALSE
	EndGlobalSection
	GlobalSection(NestedProjects) = preSolution
		{8AB42ED3-9510-4422-B756-9D7C7F80DF8A} = {F9AEB968-9A56-4192-BFF3-B4BEFEEE9FAE}
		{308EA0A7-405B-4FFA-ACB3-1EE2C2467C3C} = {F9AEB968-9A56-4192-BFF3-B4BEFEEE9FAE}
		{8D1A7AEF-73E7-4F1A-8656-E944A19DC94F} = {F9AEB968-9A56-4192-BFF3-B4BEFEEE9FAE}
		{06F60CFF-CF89-4C69-AA76-33B265000DB4} = {F9AEB968-9A56-4192-BFF3-B4BEFEEE9FAE}
		{F1CD6891-A2A0-4443-9960-27E2A24D87F1} = {F9AEB968-9A56-4192-BFF3-B4BEFEEE9FAE}
		{4565C87C-65AB-4E69-8285-FB36FA2F5558} = {F9AEB968-9A56-4192-BFF3-B4BEFEEE9FAE}
		{28FB4E26-9A24-40AD-B189-EFE9CCAB460D} = {F9AEB968-9A56-4192-BFF3-B4BEFEEE9FAE}
		{4912C223-77B8-428B-8B69-B69D7645B08C} = {F9AEB968-9A56-4192-BFF3-B4BEFEEE9FAE}
		{A24CC59D-13B5-4BEF-A994-AB63C9AD096D} = {F9AEB968-9A56-4192-BFF3-B4BEFEEE9FAE}
		{3E4793AA-0F66-422A-8C54-9D141B9D0FD3} = {F9AEB968-9A56-4192-BFF3-B4BEFEEE9FAE}
		{4FAE4A89-DEF1-4CF3-9976-D52FE303ED7D} = {F9AEB968-9A56-4192-BFF3-B4BEFEEE9FAE}
		{F87EF1A4-AAF7-4C59-A93B-1478FB557BB7} = {F9AEB968-9A56-4192-BFF3-B4BEFEEE9FAE}
		{7AF8F9B9-ECA1-4402-9C74-0AEEF370E072} = {F9AEB968-9A56-4192-BFF3-B4BEFEEE9FAE}
		{FA841874-91D9-4802-8242-15A9756FB776} = {F9AEB968-9A56-4192-BFF3-B4BEFEEE9FAE}
		{AB4754DB-55BB-4474-8DE7-2EA489A7F547} = {F9AEB968-9A56-4192-BFF3-B4BEFEEE9FAE}
		{542CA148-9046-4D3E-A0D3-F10E58951630} = {F9AEB968-9A56-4192-BFF3-B4BEFEEE9FAE}
		{A3061480-4B13-42BF-9A39-B3117C11E643} = {F9AEB968-9A56-4192-BFF3-B4BEFEEE9FAE}
		{D5DA9F3E-F99B-4F06-86FE-7D0FDAC44A06} = {F9AEB968-9A56-4192-BFF3-B4BEFEEE9FAE}
		{3826066B-9C75-4101-B264-2CB5ECA7E258} = {F9AEB968-9A56-4192-BFF3-B4BEFEEE9FAE}
		{AA31CD1F-2F05-45A6-A244-D0DA34342F77} = {F9AEB968-9A56-4192-BFF3-B4BEFEEE9FAE}
		{F8FEB1F9-79FF-4CDB-86CA-9F355E58843B} = {F9AEB968-9A56-4192-BFF3-B4BEFEEE9FAE}
		{EF8631DA-9B03-4240-9A02-AAA48005416E} = {F9AEB968-9A56-4192-BFF3-B4BEFEEE9FAE}
		{385083CF-7AA6-4C60-8E22-BA1EC689C4ED} = {F9AEB968-9A56-4192-BFF3-B4BEFEEE9FAE}
		{7A3A42FF-EC4D-49A7-A70E-8666CDABF379} = {F9AEB968-9A56-4192-BFF3-B4BEFEEE9FAE}
		{A170E1BC-F876-49B8-A946-2B5481A43B5D} = {F9AEB968-9A56-4192-BFF3-B4BEFEEE9FAE}
		{D1C95835-C179-4F85-AE82-5DA75D6DE319} = {F9AEB968-9A56-4192-BFF3-B4BEFEEE9FAE}
		{476A91D1-5CF5-4673-9D7D-1354FCE38A72} = {F9AEB968-9A56-4192-BFF3-B4BEFEEE9FAE}
		{0775B280-DDD4-4D2B-8383-E6E5E7167C55} = {F9AEB968-9A56-4192-BFF3-B4BEFEEE9FAE}
		{96762A0A-D54C-45FE-A20C-1521C35D0624} = {F9AEB968-9A56-4192-BFF3-B4BEFEEE9FAE}
		{2083724C-9A9B-4F95-8AA2-C43A1246FAAD} = {F9AEB968-9A56-4192-BFF3-B4BEFEEE9FAE}
		{9C399188-73F9-4A6D-ABAD-7241C2F1E197} = {F9AEB968-9A56-4192-BFF3-B4BEFEEE9FAE}
		{95D44882-0087-4401-A631-A57ADCCBFDA5} = {F9AEB968-9A56-4192-BFF3-B4BEFEEE9FAE}
		{1833A35B-7F4D-4B8C-AEC5-0F6FB8946325} = {F9AEB968-9A56-4192-BFF3-B4BEFEEE9FAE}
		{A1C7A6DB-93F8-4C7D-BAAB-6D1965971B32} = {F9AEB968-9A56-4192-BFF3-B4BEFEEE9FAE}
		{40823D4F-4AB8-4BF7-A9A2-4CCE6F8CB46E} = {F9AEB968-9A56-4192-BFF3-B4BEFEEE9FAE}
		{333AFE6C-CF9B-45F0-B4C3-74AF2C0E65B2} = {F9AEB968-9A56-4192-BFF3-B4BEFEEE9FAE}
		{3B7F5072-B38D-438A-954A-E91C8A1C336F} = {F9AEB968-9A56-4192-BFF3-B4BEFEEE9FAE}
		{EDE8BEF7-8503-45D1-95C5-47B827F18130} = {F9AEB968-9A56-4192-BFF3-B4BEFEEE9FAE}
		{8FF5A924-F981-477B-AD0C-52ED16DC1FE6} = {F9AEB968-9A56-4192-BFF3-B4BEFEEE9FAE}
		{D548BAD1-2DEB-4E61-86CC-599EC896043B} = {FE32F6EA-9179-43FB-82C5-2D010EC41842}
		{72E272A9-12E2-41A1-840C-60038ECD5D3E} = {FE32F6EA-9179-43FB-82C5-2D010EC41842}
	EndGlobalSection
	GlobalSection(ExtensibilityGlobals) = postSolution
		SolutionGuid = {201DA9DF-651F-47A0-B578-167533C3D874}
	EndGlobalSection
EndGlobal
