
Microsoft Visual Studio Solution File, Format Version 12.00
# Visual Studio 15
VisualStudioVersion = 15.0.26430.16
MinimumVisualStudioVersion = 10.0.40219.1
Project("{FAE04EC0-301F-11D3-BF4B-00C04F79EFBC}") = "Collections400", "Collections400\Collections400.csproj", "{04BC35F4-F0D8-47D0-AE7C-B2D62BE49FC6}"
EndProject
Project("{2150E333-8FDC-42A3-9474-1A3956D46DE8}") = "Bench", "Bench", "{F9AEB968-9A56-4192-BFF3-B4BEFEEE9FAE}"
EndProject
Project("{9A19103F-16F7-4668-BE54-9A1E7A4F7556}") = "Collections", "Collections\Collections.csproj", "{D44B60E8-0C5A-42DD-87B7-1125E37F4749}"
EndProject
Project("{9A19103F-16F7-4668-BE54-9A1E7A4F7556}") = "TestCore", "TestCore\TestCore.csproj", "{461A1620-1382-47D3-8F13-8DA892138184}"
EndProject
Project("{FAE04EC0-301F-11D3-BF4B-00C04F79EFBC}") = "BtreeChart05A", "Bench\BtreeChart05A\BtreeChart05A.csproj", "{FDF4F650-79E4-4C8C-886D-89A51FD8AEEF}"
EndProject
Project("{FAE04EC0-301F-11D3-BF4B-00C04F79EFBC}") = "BtreeChart04A", "Bench\BtreeChart04A\BtreeChart04A.csproj", "{3FB7D490-9398-4D5B-997B-28544D5ABC08}"
EndProject
Project("{FAE04EC0-301F-11D3-BF4B-00C04F79EFBC}") = "BtreeChart06A", "Bench\BtreeChart06A\BtreeChart06A.csproj", "{234192EE-19EA-4C0A-9D7E-C1F3463CABAA}"
EndProject
Project("{FAE04EC0-301F-11D3-BF4B-00C04F79EFBC}") = "BtreeChart04B", "Bench\BtreeChart04B\BtreeChart04B.csproj", "{2D0298D6-7DE2-46AB-AD99-1FDAF72A8E03}"
EndProject
Project("{FAE04EC0-301F-11D3-BF4B-00C04F79EFBC}") = "BtreeChart05B", "Bench\BtreeChart05B\BtreeChart05B.csproj", "{21824520-2131-4BB7-9018-F241794F911B}"
EndProject
Project("{7CF6DF6D-3B04-46F8-A40B-537D21BCA0B4}") = "Help", "Help\Help.shfbproj", "{CCB7FB93-229A-494D-A044-9095A523C71F}"
EndProject
Project("{FAE04EC0-301F-11D3-BF4B-00C04F79EFBC}") = "BtreeChart04C", "Bench\BtreeChart04C\BtreeChart04C.csproj", "{7BF4F8EE-E033-48C1-9CEA-9F1EE8ABD73A}"
EndProject
Project("{2150E333-8FDC-42A3-9474-1A3956D46DE8}") = "Source", "Source", "{FE32F6EA-9179-43FB-82C5-2D010EC41842}"
EndProject
Project("{D954291E-2A0B-460D-934E-DC6B0785DB48}") = "Btree", "Source\Btree\Btree.shproj", "{F46832D9-2950-47B9-BB68-42EE79668F61}"
EndProject
Project("{D954291E-2A0B-460D-934E-DC6B0785DB48}") = "RankedDictionary", "Source\RankedDictionary\RankedDictionary.shproj", "{D1E37C27-B068-4F2E-8603-F8F5495B3330}"
EndProject
Project("{D954291E-2A0B-460D-934E-DC6B0785DB48}") = "RankedSet", "Source\RankedSet\RankedSet.shproj", "{C39A213B-5AAE-4C05-8CA8-946331511D0D}"
EndProject
Project("{FAE04EC0-301F-11D3-BF4B-00C04F79EFBC}") = "RsChart05B", "Bench\RsChart05B\RsChart05B.csproj", "{8AB42ED3-9510-4422-B756-9D7C7F80DF8A}"
EndProject
Project("{FAE04EC0-301F-11D3-BF4B-00C04F79EFBC}") = "RsExample03", "Bench\RsExample03\RsExample03.csproj", "{308EA0A7-405B-4FFA-ACB3-1EE2C2467C3C}"
EndProject
Project("{FAE04EC0-301F-11D3-BF4B-00C04F79EFBC}") = "RdBench01", "Bench\RdBench01\RdBench01.csproj", "{8D1A7AEF-73E7-4F1A-8656-E944A19DC94F}"
EndProject
Project("{FAE04EC0-301F-11D3-BF4B-00C04F79EFBC}") = "RdBench02", "Bench\RdBench02\RdBench02.csproj", "{06F60CFF-CF89-4C69-AA76-33B265000DB4}"
EndProject
Project("{FAE04EC0-301F-11D3-BF4B-00C04F79EFBC}") = "RdBench03", "Bench\RdBench03\RdBench03.csproj", "{F1CD6891-A2A0-4443-9960-27E2A24D87F1}"
EndProject
Project("{FAE04EC0-301F-11D3-BF4B-00C04F79EFBC}") = "RdBench04", "Bench\RdBench04\RdBench04.csproj", "{4565C87C-65AB-4E69-8285-FB36FA2F5558}"
EndProject
Project("{FAE04EC0-301F-11D3-BF4B-00C04F79EFBC}") = "RdExample02", "Bench\RdExample02\RdExample02.csproj", "{28FB4E26-9A24-40AD-B189-EFE9CCAB460D}"
EndProject
Project("{FAE04EC0-301F-11D3-BF4B-00C04F79EFBC}") = "RdExample03", "Bench\RdExample03\RdExample03.csproj", "{4912C223-77B8-428B-8B69-B69D7645B08C}"
EndProject
Project("{FAE04EC0-301F-11D3-BF4B-00C04F79EFBC}") = "RdExample04", "Bench\RdExample04\RdExample04.csproj", "{A24CC59D-13B5-4BEF-A994-AB63C9AD096D}"
EndProject
Project("{9A19103F-16F7-4668-BE54-9A1E7A4F7556}") = "RdExample09", "Bench\RdExample09\RdExample09.csproj", "{3348240F-D93E-429C-BEA6-A385C3708940}"
EndProject
Project("{FAE04EC0-301F-11D3-BF4B-00C04F79EFBC}") = "RdStress01", "Bench\RdStress01\RdStress01.csproj", "{3E4793AA-0F66-422A-8C54-9D141B9D0FD3}"
EndProject
Project("{FAE04EC0-301F-11D3-BF4B-00C04F79EFBC}") = "RsExample04", "Bench\RsExample04\RsExample04.csproj", "{4FAE4A89-DEF1-4CF3-9976-D52FE303ED7D}"
EndProject
Project("{FAE04EC0-301F-11D3-BF4B-00C04F79EFBC}") = "RdBench05", "Bench\RdBench05\RdBench05.csproj", "{F87EF1A4-AAF7-4C59-A93B-1478FB557BB7}"
EndProject
Project("{FAE04EC0-301F-11D3-BF4B-00C04F79EFBC}") = "RsExample05", "Bench\RsExample05\RsExample05.csproj", "{7AF8F9B9-ECA1-4402-9C74-0AEEF370E072}"
EndProject
Project("{FAE04EC0-301F-11D3-BF4B-00C04F79EFBC}") = "RdExample05", "Bench\RdExample05\RdExample05.csproj", "{FA841874-91D9-4802-8242-15A9756FB776}"
EndProject
Project("{FAE04EC0-301F-11D3-BF4B-00C04F79EFBC}") = "RdBench06", "Bench\RdBench06\RdBench06.csproj", "{AB4754DB-55BB-4474-8DE7-2EA489A7F547}"
EndProject
Project("{FAE04EC0-301F-11D3-BF4B-00C04F79EFBC}") = "RsBench06", "Bench\RsBench06\RsBench06.csproj", "{542CA148-9046-4D3E-A0D3-F10E58951630}"
EndProject
Project("{FAE04EC0-301F-11D3-BF4B-00C04F79EFBC}") = "RdExample01", "Bench\RdExample01\RdExample01.csproj", "{A3061480-4B13-42BF-9A39-B3117C11E643}"
EndProject
Project("{FAE04EC0-301F-11D3-BF4B-00C04F79EFBC}") = "RsExample01", "Bench\RsExample01\RsExample01.csproj", "{D5DA9F3E-F99B-4F06-86FE-7D0FDAC44A06}"
EndProject
Global
	GlobalSection(SharedMSBuildProjectFiles) = preSolution
		Source\Btree\Btree.projitems*{04bc35f4-f0d8-47d0-ae7c-b2d62be49fc6}*SharedItemsImports = 4
		Source\RankedDictionary\RankedDictionary.projitems*{04bc35f4-f0d8-47d0-ae7c-b2d62be49fc6}*SharedItemsImports = 4
		Source\RankedSet\RankedSet.projitems*{04bc35f4-f0d8-47d0-ae7c-b2d62be49fc6}*SharedItemsImports = 4
		Source\RankedSet\RankedSet.projitems*{c39a213b-5aae-4c05-8ca8-946331511d0d}*SharedItemsImports = 13
		Source\RankedDictionary\RankedDictionary.projitems*{d1e37c27-b068-4f2e-8603-f8f5495b3330}*SharedItemsImports = 13
		Source\Btree\Btree.projitems*{f46832d9-2950-47b9-bb68-42ee79668f61}*SharedItemsImports = 13
	EndGlobalSection
	GlobalSection(SolutionConfigurationPlatforms) = preSolution
		Debug|Any CPU = Debug|Any CPU
		Release|Any CPU = Release|Any CPU
	EndGlobalSection
	GlobalSection(ProjectConfigurationPlatforms) = postSolution
		{04BC35F4-F0D8-47D0-AE7C-B2D62BE49FC6}.Debug|Any CPU.ActiveCfg = Debug|Any CPU
		{04BC35F4-F0D8-47D0-AE7C-B2D62BE49FC6}.Debug|Any CPU.Build.0 = Debug|Any CPU
		{04BC35F4-F0D8-47D0-AE7C-B2D62BE49FC6}.Release|Any CPU.ActiveCfg = Release|Any CPU
		{04BC35F4-F0D8-47D0-AE7C-B2D62BE49FC6}.Release|Any CPU.Build.0 = Release|Any CPU
		{D44B60E8-0C5A-42DD-87B7-1125E37F4749}.Debug|Any CPU.ActiveCfg = Debug|Any CPU
		{D44B60E8-0C5A-42DD-87B7-1125E37F4749}.Debug|Any CPU.Build.0 = Debug|Any CPU
		{D44B60E8-0C5A-42DD-87B7-1125E37F4749}.Release|Any CPU.ActiveCfg = Release|Any CPU
		{D44B60E8-0C5A-42DD-87B7-1125E37F4749}.Release|Any CPU.Build.0 = Release|Any CPU
		{461A1620-1382-47D3-8F13-8DA892138184}.Debug|Any CPU.ActiveCfg = Debug|Any CPU
		{461A1620-1382-47D3-8F13-8DA892138184}.Debug|Any CPU.Build.0 = Debug|Any CPU
		{461A1620-1382-47D3-8F13-8DA892138184}.Release|Any CPU.ActiveCfg = Release|Any CPU
		{461A1620-1382-47D3-8F13-8DA892138184}.Release|Any CPU.Build.0 = Release|Any CPU
		{FDF4F650-79E4-4C8C-886D-89A51FD8AEEF}.Debug|Any CPU.ActiveCfg = Debug|Any CPU
		{FDF4F650-79E4-4C8C-886D-89A51FD8AEEF}.Debug|Any CPU.Build.0 = Debug|Any CPU
		{FDF4F650-79E4-4C8C-886D-89A51FD8AEEF}.Release|Any CPU.ActiveCfg = Release|Any CPU
		{FDF4F650-79E4-4C8C-886D-89A51FD8AEEF}.Release|Any CPU.Build.0 = Release|Any CPU
		{3FB7D490-9398-4D5B-997B-28544D5ABC08}.Debug|Any CPU.ActiveCfg = Debug|Any CPU
		{3FB7D490-9398-4D5B-997B-28544D5ABC08}.Debug|Any CPU.Build.0 = Debug|Any CPU
		{3FB7D490-9398-4D5B-997B-28544D5ABC08}.Release|Any CPU.ActiveCfg = Release|Any CPU
		{3FB7D490-9398-4D5B-997B-28544D5ABC08}.Release|Any CPU.Build.0 = Release|Any CPU
		{234192EE-19EA-4C0A-9D7E-C1F3463CABAA}.Debug|Any CPU.ActiveCfg = Debug|Any CPU
		{234192EE-19EA-4C0A-9D7E-C1F3463CABAA}.Debug|Any CPU.Build.0 = Debug|Any CPU
		{234192EE-19EA-4C0A-9D7E-C1F3463CABAA}.Release|Any CPU.ActiveCfg = Release|Any CPU
		{234192EE-19EA-4C0A-9D7E-C1F3463CABAA}.Release|Any CPU.Build.0 = Release|Any CPU
		{2D0298D6-7DE2-46AB-AD99-1FDAF72A8E03}.Debug|Any CPU.ActiveCfg = Debug|Any CPU
		{2D0298D6-7DE2-46AB-AD99-1FDAF72A8E03}.Debug|Any CPU.Build.0 = Debug|Any CPU
		{2D0298D6-7DE2-46AB-AD99-1FDAF72A8E03}.Release|Any CPU.ActiveCfg = Release|Any CPU
		{2D0298D6-7DE2-46AB-AD99-1FDAF72A8E03}.Release|Any CPU.Build.0 = Release|Any CPU
		{21824520-2131-4BB7-9018-F241794F911B}.Debug|Any CPU.ActiveCfg = Debug|Any CPU
		{21824520-2131-4BB7-9018-F241794F911B}.Debug|Any CPU.Build.0 = Debug|Any CPU
		{21824520-2131-4BB7-9018-F241794F911B}.Release|Any CPU.ActiveCfg = Release|Any CPU
		{21824520-2131-4BB7-9018-F241794F911B}.Release|Any CPU.Build.0 = Release|Any CPU
		{CCB7FB93-229A-494D-A044-9095A523C71F}.Debug|Any CPU.ActiveCfg = Debug|Any CPU
		{CCB7FB93-229A-494D-A044-9095A523C71F}.Release|Any CPU.ActiveCfg = Release|Any CPU
		{7BF4F8EE-E033-48C1-9CEA-9F1EE8ABD73A}.Debug|Any CPU.ActiveCfg = Debug|Any CPU
		{7BF4F8EE-E033-48C1-9CEA-9F1EE8ABD73A}.Debug|Any CPU.Build.0 = Debug|Any CPU
		{7BF4F8EE-E033-48C1-9CEA-9F1EE8ABD73A}.Release|Any CPU.ActiveCfg = Release|Any CPU
		{7BF4F8EE-E033-48C1-9CEA-9F1EE8ABD73A}.Release|Any CPU.Build.0 = Release|Any CPU
		{8AB42ED3-9510-4422-B756-9D7C7F80DF8A}.Debug|Any CPU.ActiveCfg = Debug|Any CPU
		{8AB42ED3-9510-4422-B756-9D7C7F80DF8A}.Debug|Any CPU.Build.0 = Debug|Any CPU
		{8AB42ED3-9510-4422-B756-9D7C7F80DF8A}.Release|Any CPU.ActiveCfg = Release|Any CPU
		{8AB42ED3-9510-4422-B756-9D7C7F80DF8A}.Release|Any CPU.Build.0 = Release|Any CPU
		{308EA0A7-405B-4FFA-ACB3-1EE2C2467C3C}.Debug|Any CPU.ActiveCfg = Debug|Any CPU
		{308EA0A7-405B-4FFA-ACB3-1EE2C2467C3C}.Debug|Any CPU.Build.0 = Debug|Any CPU
		{308EA0A7-405B-4FFA-ACB3-1EE2C2467C3C}.Release|Any CPU.ActiveCfg = Release|Any CPU
		{308EA0A7-405B-4FFA-ACB3-1EE2C2467C3C}.Release|Any CPU.Build.0 = Release|Any CPU
		{8D1A7AEF-73E7-4F1A-8656-E944A19DC94F}.Debug|Any CPU.ActiveCfg = Debug|Any CPU
		{8D1A7AEF-73E7-4F1A-8656-E944A19DC94F}.Debug|Any CPU.Build.0 = Debug|Any CPU
		{8D1A7AEF-73E7-4F1A-8656-E944A19DC94F}.Release|Any CPU.ActiveCfg = Release|Any CPU
		{8D1A7AEF-73E7-4F1A-8656-E944A19DC94F}.Release|Any CPU.Build.0 = Release|Any CPU
		{06F60CFF-CF89-4C69-AA76-33B265000DB4}.Debug|Any CPU.ActiveCfg = Debug|Any CPU
		{06F60CFF-CF89-4C69-AA76-33B265000DB4}.Debug|Any CPU.Build.0 = Debug|Any CPU
		{06F60CFF-CF89-4C69-AA76-33B265000DB4}.Release|Any CPU.ActiveCfg = Release|Any CPU
		{06F60CFF-CF89-4C69-AA76-33B265000DB4}.Release|Any CPU.Build.0 = Release|Any CPU
		{F1CD6891-A2A0-4443-9960-27E2A24D87F1}.Debug|Any CPU.ActiveCfg = Debug|Any CPU
		{F1CD6891-A2A0-4443-9960-27E2A24D87F1}.Debug|Any CPU.Build.0 = Debug|Any CPU
		{F1CD6891-A2A0-4443-9960-27E2A24D87F1}.Release|Any CPU.ActiveCfg = Release|Any CPU
		{F1CD6891-A2A0-4443-9960-27E2A24D87F1}.Release|Any CPU.Build.0 = Release|Any CPU
		{4565C87C-65AB-4E69-8285-FB36FA2F5558}.Debug|Any CPU.ActiveCfg = Debug|Any CPU
		{4565C87C-65AB-4E69-8285-FB36FA2F5558}.Debug|Any CPU.Build.0 = Debug|Any CPU
		{4565C87C-65AB-4E69-8285-FB36FA2F5558}.Release|Any CPU.ActiveCfg = Release|Any CPU
		{4565C87C-65AB-4E69-8285-FB36FA2F5558}.Release|Any CPU.Build.0 = Release|Any CPU
		{28FB4E26-9A24-40AD-B189-EFE9CCAB460D}.Debug|Any CPU.ActiveCfg = Debug|Any CPU
		{28FB4E26-9A24-40AD-B189-EFE9CCAB460D}.Debug|Any CPU.Build.0 = Debug|Any CPU
		{28FB4E26-9A24-40AD-B189-EFE9CCAB460D}.Release|Any CPU.ActiveCfg = Release|Any CPU
		{28FB4E26-9A24-40AD-B189-EFE9CCAB460D}.Release|Any CPU.Build.0 = Release|Any CPU
		{4912C223-77B8-428B-8B69-B69D7645B08C}.Debug|Any CPU.ActiveCfg = Debug|Any CPU
		{4912C223-77B8-428B-8B69-B69D7645B08C}.Debug|Any CPU.Build.0 = Debug|Any CPU
		{4912C223-77B8-428B-8B69-B69D7645B08C}.Release|Any CPU.ActiveCfg = Release|Any CPU
		{4912C223-77B8-428B-8B69-B69D7645B08C}.Release|Any CPU.Build.0 = Release|Any CPU
		{A24CC59D-13B5-4BEF-A994-AB63C9AD096D}.Debug|Any CPU.ActiveCfg = Debug|Any CPU
		{A24CC59D-13B5-4BEF-A994-AB63C9AD096D}.Debug|Any CPU.Build.0 = Debug|Any CPU
		{A24CC59D-13B5-4BEF-A994-AB63C9AD096D}.Release|Any CPU.ActiveCfg = Release|Any CPU
		{A24CC59D-13B5-4BEF-A994-AB63C9AD096D}.Release|Any CPU.Build.0 = Release|Any CPU
		{3348240F-D93E-429C-BEA6-A385C3708940}.Debug|Any CPU.ActiveCfg = Debug|Any CPU
		{3348240F-D93E-429C-BEA6-A385C3708940}.Debug|Any CPU.Build.0 = Debug|Any CPU
		{3348240F-D93E-429C-BEA6-A385C3708940}.Release|Any CPU.ActiveCfg = Release|Any CPU
		{3348240F-D93E-429C-BEA6-A385C3708940}.Release|Any CPU.Build.0 = Release|Any CPU
		{3E4793AA-0F66-422A-8C54-9D141B9D0FD3}.Debug|Any CPU.ActiveCfg = Debug|Any CPU
		{3E4793AA-0F66-422A-8C54-9D141B9D0FD3}.Debug|Any CPU.Build.0 = Debug|Any CPU
		{3E4793AA-0F66-422A-8C54-9D141B9D0FD3}.Release|Any CPU.ActiveCfg = Release|Any CPU
		{3E4793AA-0F66-422A-8C54-9D141B9D0FD3}.Release|Any CPU.Build.0 = Release|Any CPU
		{4FAE4A89-DEF1-4CF3-9976-D52FE303ED7D}.Debug|Any CPU.ActiveCfg = Debug|Any CPU
		{4FAE4A89-DEF1-4CF3-9976-D52FE303ED7D}.Debug|Any CPU.Build.0 = Debug|Any CPU
		{4FAE4A89-DEF1-4CF3-9976-D52FE303ED7D}.Release|Any CPU.ActiveCfg = Release|Any CPU
		{4FAE4A89-DEF1-4CF3-9976-D52FE303ED7D}.Release|Any CPU.Build.0 = Release|Any CPU
		{F87EF1A4-AAF7-4C59-A93B-1478FB557BB7}.Debug|Any CPU.ActiveCfg = Debug|Any CPU
		{F87EF1A4-AAF7-4C59-A93B-1478FB557BB7}.Debug|Any CPU.Build.0 = Debug|Any CPU
		{F87EF1A4-AAF7-4C59-A93B-1478FB557BB7}.Release|Any CPU.ActiveCfg = Release|Any CPU
		{F87EF1A4-AAF7-4C59-A93B-1478FB557BB7}.Release|Any CPU.Build.0 = Release|Any CPU
		{7AF8F9B9-ECA1-4402-9C74-0AEEF370E072}.Debug|Any CPU.ActiveCfg = Debug|Any CPU
		{7AF8F9B9-ECA1-4402-9C74-0AEEF370E072}.Debug|Any CPU.Build.0 = Debug|Any CPU
		{7AF8F9B9-ECA1-4402-9C74-0AEEF370E072}.Release|Any CPU.ActiveCfg = Release|Any CPU
		{7AF8F9B9-ECA1-4402-9C74-0AEEF370E072}.Release|Any CPU.Build.0 = Release|Any CPU
		{FA841874-91D9-4802-8242-15A9756FB776}.Debug|Any CPU.ActiveCfg = Debug|Any CPU
		{FA841874-91D9-4802-8242-15A9756FB776}.Debug|Any CPU.Build.0 = Debug|Any CPU
		{FA841874-91D9-4802-8242-15A9756FB776}.Release|Any CPU.ActiveCfg = Release|Any CPU
		{FA841874-91D9-4802-8242-15A9756FB776}.Release|Any CPU.Build.0 = Release|Any CPU
		{AB4754DB-55BB-4474-8DE7-2EA489A7F547}.Debug|Any CPU.ActiveCfg = Debug|Any CPU
		{AB4754DB-55BB-4474-8DE7-2EA489A7F547}.Debug|Any CPU.Build.0 = Debug|Any CPU
		{AB4754DB-55BB-4474-8DE7-2EA489A7F547}.Release|Any CPU.ActiveCfg = Release|Any CPU
		{AB4754DB-55BB-4474-8DE7-2EA489A7F547}.Release|Any CPU.Build.0 = Release|Any CPU
		{542CA148-9046-4D3E-A0D3-F10E58951630}.Debug|Any CPU.ActiveCfg = Debug|Any CPU
		{542CA148-9046-4D3E-A0D3-F10E58951630}.Debug|Any CPU.Build.0 = Debug|Any CPU
		{542CA148-9046-4D3E-A0D3-F10E58951630}.Release|Any CPU.ActiveCfg = Release|Any CPU
		{542CA148-9046-4D3E-A0D3-F10E58951630}.Release|Any CPU.Build.0 = Release|Any CPU
		{A3061480-4B13-42BF-9A39-B3117C11E643}.Debug|Any CPU.ActiveCfg = Debug|Any CPU
		{A3061480-4B13-42BF-9A39-B3117C11E643}.Debug|Any CPU.Build.0 = Debug|Any CPU
		{A3061480-4B13-42BF-9A39-B3117C11E643}.Release|Any CPU.ActiveCfg = Release|Any CPU
		{A3061480-4B13-42BF-9A39-B3117C11E643}.Release|Any CPU.Build.0 = Release|Any CPU
		{D5DA9F3E-F99B-4F06-86FE-7D0FDAC44A06}.Debug|Any CPU.ActiveCfg = Debug|Any CPU
		{D5DA9F3E-F99B-4F06-86FE-7D0FDAC44A06}.Debug|Any CPU.Build.0 = Debug|Any CPU
		{D5DA9F3E-F99B-4F06-86FE-7D0FDAC44A06}.Release|Any CPU.ActiveCfg = Release|Any CPU
		{D5DA9F3E-F99B-4F06-86FE-7D0FDAC44A06}.Release|Any CPU.Build.0 = Release|Any CPU
	EndGlobalSection
	GlobalSection(SolutionProperties) = preSolution
		HideSolutionNode = FALSE
	EndGlobalSection
	GlobalSection(NestedProjects) = preSolution
		{FDF4F650-79E4-4C8C-886D-89A51FD8AEEF} = {F9AEB968-9A56-4192-BFF3-B4BEFEEE9FAE}
		{3FB7D490-9398-4D5B-997B-28544D5ABC08} = {F9AEB968-9A56-4192-BFF3-B4BEFEEE9FAE}
		{234192EE-19EA-4C0A-9D7E-C1F3463CABAA} = {F9AEB968-9A56-4192-BFF3-B4BEFEEE9FAE}
		{2D0298D6-7DE2-46AB-AD99-1FDAF72A8E03} = {F9AEB968-9A56-4192-BFF3-B4BEFEEE9FAE}
		{21824520-2131-4BB7-9018-F241794F911B} = {F9AEB968-9A56-4192-BFF3-B4BEFEEE9FAE}
		{7BF4F8EE-E033-48C1-9CEA-9F1EE8ABD73A} = {F9AEB968-9A56-4192-BFF3-B4BEFEEE9FAE}
		{F46832D9-2950-47B9-BB68-42EE79668F61} = {FE32F6EA-9179-43FB-82C5-2D010EC41842}
		{D1E37C27-B068-4F2E-8603-F8F5495B3330} = {FE32F6EA-9179-43FB-82C5-2D010EC41842}
		{C39A213B-5AAE-4C05-8CA8-946331511D0D} = {FE32F6EA-9179-43FB-82C5-2D010EC41842}
		{8AB42ED3-9510-4422-B756-9D7C7F80DF8A} = {F9AEB968-9A56-4192-BFF3-B4BEFEEE9FAE}
		{308EA0A7-405B-4FFA-ACB3-1EE2C2467C3C} = {F9AEB968-9A56-4192-BFF3-B4BEFEEE9FAE}
		{8D1A7AEF-73E7-4F1A-8656-E944A19DC94F} = {F9AEB968-9A56-4192-BFF3-B4BEFEEE9FAE}
		{06F60CFF-CF89-4C69-AA76-33B265000DB4} = {F9AEB968-9A56-4192-BFF3-B4BEFEEE9FAE}
		{F1CD6891-A2A0-4443-9960-27E2A24D87F1} = {F9AEB968-9A56-4192-BFF3-B4BEFEEE9FAE}
		{4565C87C-65AB-4E69-8285-FB36FA2F5558} = {F9AEB968-9A56-4192-BFF3-B4BEFEEE9FAE}
		{28FB4E26-9A24-40AD-B189-EFE9CCAB460D} = {F9AEB968-9A56-4192-BFF3-B4BEFEEE9FAE}
		{4912C223-77B8-428B-8B69-B69D7645B08C} = {F9AEB968-9A56-4192-BFF3-B4BEFEEE9FAE}
		{A24CC59D-13B5-4BEF-A994-AB63C9AD096D} = {F9AEB968-9A56-4192-BFF3-B4BEFEEE9FAE}
		{3348240F-D93E-429C-BEA6-A385C3708940} = {F9AEB968-9A56-4192-BFF3-B4BEFEEE9FAE}
		{3E4793AA-0F66-422A-8C54-9D141B9D0FD3} = {F9AEB968-9A56-4192-BFF3-B4BEFEEE9FAE}
		{4FAE4A89-DEF1-4CF3-9976-D52FE303ED7D} = {F9AEB968-9A56-4192-BFF3-B4BEFEEE9FAE}
		{F87EF1A4-AAF7-4C59-A93B-1478FB557BB7} = {F9AEB968-9A56-4192-BFF3-B4BEFEEE9FAE}
		{7AF8F9B9-ECA1-4402-9C74-0AEEF370E072} = {F9AEB968-9A56-4192-BFF3-B4BEFEEE9FAE}
		{FA841874-91D9-4802-8242-15A9756FB776} = {F9AEB968-9A56-4192-BFF3-B4BEFEEE9FAE}
		{AB4754DB-55BB-4474-8DE7-2EA489A7F547} = {F9AEB968-9A56-4192-BFF3-B4BEFEEE9FAE}
		{542CA148-9046-4D3E-A0D3-F10E58951630} = {F9AEB968-9A56-4192-BFF3-B4BEFEEE9FAE}
		{A3061480-4B13-42BF-9A39-B3117C11E643} = {F9AEB968-9A56-4192-BFF3-B4BEFEEE9FAE}
		{D5DA9F3E-F99B-4F06-86FE-7D0FDAC44A06} = {F9AEB968-9A56-4192-BFF3-B4BEFEEE9FAE}
	EndGlobalSection
EndGlobal
